{
  "nodes": {
    "nixpkgs": {
      "locked": {
        "lastModified": 1730247135,
        "narHash": "sha256-YaZZlvZj9isN2i8l24A4/7TT89fvpX11nVn2dusl2MM=",
        "owner": "NixOS",
        "repo": "nixpkgs",
        "rev": "ccd7e10e004a6e93486c1dd536f89e85d482d685",
        "type": "github"
      },
      "original": {
        "owner": "NixOS",
        "ref": "nixos-unstable-small",
        "repo": "nixpkgs",
        "type": "github"
      }
    },
    "root": {
      "inputs": {
        "nixpkgs": [
          "srvos",
          "nixpkgs"
        ],
        "secrets": "secrets",
        "srvos": "srvos"
      }
    },
    "secrets": {
      "flake": false,
      "locked": {
        "lastModified": 1727988148,
        "narHash": "sha256-hNrHK4nWrMiarAytrN5F7rZorRXQnXASAXrB9pbb8hw=",
        "ref": "refs/heads/master",
        "rev": "801767cbaa17f651c848a186ffa93006d2ee011a",
        "revCount": 12,
        "type": "git",
        "url": "file:secrets"
      },
      "original": {
        "type": "git",
        "url": "file:secrets"
      }
    },
    "srvos": {
      "inputs": {
        "nixpkgs": "nixpkgs"
      },
      "locked": {
        "lastModified": 1730335989,
        "narHash": "sha256-hG7H+EcNZfNa5tsUzMX+NBYpG4viCTvfRp5t7ZUnKW8=",
        "owner": "nix-community",
        "repo": "srvos",
        "rev": "b80b3ffabd20e39b579f45a33e638bbb1b297b60",
        "type": "github"
      },
      "original": {
        "owner": "nix-community",
        "repo": "srvos",
        "type": "github"
      }
    }
  },
  "root": "root",
  "version": 7
}
