{
  "nodes": {
    "nixpkgs": {
      "locked": {
        "lastModified": 1728692301,
        "narHash": "sha256-QuWjkLVCuWWTyIUOSc4NRoZMNiLaWKV4jM4Vkhz0gfo=",
        "owner": "NixOS",
        "repo": "nixpkgs",
        "rev": "ee4d0513c7e6c4dedc8e9865d525cc86b1c3af8a",
        "type": "github"
      },
      "original": {
        "owner": "NixOS",
        "ref": "nixos-24.05-small",
        "repo": "nixpkgs",
        "type": "github"
      }
    },
    "nixpkgs_2": {
      "locked": {
        "lastModified": 1727836449,
        "narHash": "sha256-+t0jCdN1AFWLpi+XwHK4r/Jp+pJfo9ePHIy+4/BUCI4=",
        "owner": "NixOS",
        "repo": "nixpkgs",
        "rev": "35d02934a17a4fdc53a8857826ed35f3694e5f1c",
        "type": "github"
      },
      "original": {
        "owner": "NixOS",
        "ref": "nixos-unstable-small",
        "repo": "nixpkgs",
        "type": "github"
      }
    },
    "root": {
      "inputs": {
        "nixpkgs": "nixpkgs",
        "secrets": "secrets",
        "srvos": "srvos"
      }
    },
    "secrets": {
      "flake": false,
      "locked": {
        "lastModified": 1727988148,
        "narHash": "sha256-hNrHK4nWrMiarAytrN5F7rZorRXQnXASAXrB9pbb8hw=",
        "ref": "refs/heads/master",
        "rev": "801767cbaa17f651c848a186ffa93006d2ee011a",
        "revCount": 12,
        "type": "git",
        "url": "file:secrets"
      },
      "original": {
        "type": "git",
        "url": "file:secrets"
      }
    },
    "srvos": {
      "inputs": {
        "nixpkgs": "nixpkgs_2"
      },
      "locked": {
        "lastModified": 1727942108,
        "narHash": "sha256-XEXrXew+/u3Ar+OyfWklJ0SsiSvb1vDnGNwpEwMxRpE=",
        "owner": "nix-community",
        "repo": "srvos",
        "rev": "61b4d9b2f53ce114541ed4f3ad3713d7a42a1cb7",
        "type": "github"
      },
      "original": {
        "owner": "nix-community",
        "repo": "srvos",
        "type": "github"
      }
    }
  },
  "root": "root",
  "version": 7
}
